
Microsoft Visual Studio Solution File, Format Version 12.00
# Visual Studio Version 17
VisualStudioVersion = 17.8.34525.116
MinimumVisualStudioVersion = 10.0.40219.1
Project("{FAE04EC0-301F-11D3-BF4B-00C04F79EFBC}") = "BudgetBuddy", "BudgetBuddy.csproj", "{5B610FA4-FE30-40F1-9275-9B3162C08B76}"
EndProject
Global
	GlobalSection(SolutionConfigurationPlatforms) = preSolution
		Debug|Any CPU = Debug|Any CPU
		Release|Any CPU = Release|Any CPU
	EndGlobalSection
	GlobalSection(ProjectConfigurationPlatforms) = postSolution
		{5B610FA4-FE30-40F1-9275-9B3162C08B76}.Debug|Any CPU.ActiveCfg = Debug|Any CPU
		{5B610FA4-FE30-40F1-9275-9B3162C08B76}.Debug|Any CPU.Build.0 = Debug|Any CPU
		{5B610FA4-FE30-40F1-9275-9B3162C08B76}.Release|Any CPU.ActiveCfg = Release|Any CPU
		{5B610FA4-FE30-40F1-9275-9B3162C08B76}.Release|Any CPU.Build.0 = Release|Any CPU
	EndGlobalSection
	GlobalSection(SolutionProperties) = preSolution
		HideSolutionNode = FALSE
	EndGlobalSection
	GlobalSection(ExtensibilityGlobals) = postSolution
		SolutionGuid = {C0DECB8E-2E50-4DBB-90EF-35E57C4F70AA}
	EndGlobalSection
EndGlobal
